dependencies:
- name: common
  repository: https://library-charts.k8s-at-home.com
  version: 4.5.2
- name: postgresql
  repository: https://charts.bitnami.com/bitnami
  version: 16.7.11
digest: sha256:4f54efce07e995f073e1b534b4e43f8fada6bebb5e005de61a6e4bdd55b25f5f
generated: "2025-06-14T22:44:13.801972+02:00"
