dependencies:
- name: common
  repository: https://library-charts.k8s-at-home.com
  version: 4.5.2
- name: postgresql
  repository: https://charts.bitnami.com/bitnami
  version: 11.6.12
- name: mariadb
  repository: https://charts.bitnami.com/bitnami
  version: 11.0.14
- name: influxdb
  repository: https://charts.bitnami.com/bitnami
  version: 5.3.5
- name: whisper
  repository: https://andrenarchy.github.io/helm-charts/
  version: 1.0.0
digest: sha256:dad40951abdcc7039aadff0de53e00a01baa348d78950e30c4e44ee36e0c69e0
generated: "2023-11-20T23:45:37.823693+01:00"
